
Microsoft Visual Studio Solution File, Format Version 12.00
# Visual Studio 15
VisualStudioVersion = 15.0.26430.13
MinimumVisualStudioVersion = 10.0.40219.1
Project("{FAE04EC0-301F-11D3-BF4B-00C04F79EFBC}") = "WpfApp1", "WpfApp1\WpfApp1.csproj", "{215D658E-A658-4BB3-AEAE-DA1E61306B79}"
EndProject
Project("{FAE04EC0-301F-11D3-BF4B-00C04F79EFBC}") = "dl", "dl\dl.csproj", "{56F4E73F-D738-4970-868A-AC8BEB2277CA}"
EndProject
Project("{FAE04EC0-301F-11D3-BF4B-00C04F79EFBC}") = "BLL", "BLL\BLL.csproj", "{7AE57F2E-1D56-4244-B7C0-EAEA59304CC2}"
EndProject
Global
	GlobalSection(SolutionConfigurationPlatforms) = preSolution
		Debug|Any CPU = Debug|Any CPU
		Release|Any CPU = Release|Any CPU
	EndGlobalSection
	GlobalSection(ProjectConfigurationPlatforms) = postSolution
		{215D658E-A658-4BB3-AEAE-DA1E61306B79}.Debug|Any CPU.ActiveCfg = Debug|Any CPU
		{215D658E-A658-4BB3-AEAE-DA1E61306B79}.Debug|Any CPU.Build.0 = Debug|Any CPU
		{215D658E-A658-4BB3-AEAE-DA1E61306B79}.Release|Any CPU.ActiveCfg = Release|Any CPU
		{215D658E-A658-4BB3-AEAE-DA1E61306B79}.Release|Any CPU.Build.0 = Release|Any CPU
		{56F4E73F-D738-4970-868A-AC8BEB2277CA}.Debug|Any CPU.ActiveCfg = Debug|Any CPU
		{56F4E73F-D738-4970-868A-AC8BEB2277CA}.Debug|Any CPU.Build.0 = Debug|Any CPU
		{56F4E73F-D738-4970-868A-AC8BEB2277CA}.Release|Any CPU.ActiveCfg = Release|Any CPU
		{56F4E73F-D738-4970-868A-AC8BEB2277CA}.Release|Any CPU.Build.0 = Release|Any CPU
		{7AE57F2E-1D56-4244-B7C0-EAEA59304CC2}.Debug|Any CPU.ActiveCfg = Debug|Any CPU
		{7AE57F2E-1D56-4244-B7C0-EAEA59304CC2}.Debug|Any CPU.Build.0 = Debug|Any CPU
		{7AE57F2E-1D56-4244-B7C0-EAEA59304CC2}.Release|Any CPU.ActiveCfg = Release|Any CPU
		{7AE57F2E-1D56-4244-B7C0-EAEA59304CC2}.Release|Any CPU.Build.0 = Release|Any CPU
	EndGlobalSection
	GlobalSection(SolutionProperties) = preSolution
		HideSolutionNode = FALSE
	EndGlobalSection
	GlobalSection(ExtensibilityGlobals) = postSolution
		SolutionGuid = {80873DA5-9CBC-4517-8AE5-C30D4E0A24B8}
	EndGlobalSection
EndGlobal
